<?xml version="1.0" encoding="utf-8"?>
<Project xmlns="http://schemas.microsoft.com/developer/msbuild/2003">
  <ItemGroup>
    <Filter Include="Form Files">
      <UniqueIdentifier>{99349809-55BA-4b9d-BF79-8FDBB0286EB3}</UniqueIdentifier>
      <Extensions>ui</Extensions>
      <ParseFiles>false</ParseFiles>
    </Filter>
    <Filter Include="Form Files">
      <UniqueIdentifier>{99349809-55BA-4b9d-BF79-8FDBB0286EB3}</UniqueIdentifier>
      <Extensions>ui</Extensions>
      <ParseFiles>false</ParseFiles>
    </Filter>
    <Filter Include="Generated Files">
      <UniqueIdentifier>{71ED8ED8-ACB9-4CE9-BBE1-E00B30144E11}</UniqueIdentifier>
      <Extensions>cpp;c;cxx;moc;h;def;odl;idl;res;</Extensions>
    </Filter>
    <Filter Include="Generated Files">
      <UniqueIdentifier>{71ED8ED8-ACB9-4CE9-BBE1-E00B30144E11}</UniqueIdentifier>
      <Extensions>cpp;c;cxx;moc;h;def;odl;idl;res;</Extensions>
    </Filter>
    <Filter Include="Header Files">
      <UniqueIdentifier>{93995380-89BD-4b04-88EB-625FBE52EBFB}</UniqueIdentifier>
      <Extensions>h;hpp;hxx;hm;inl;inc;xsd</Extensions>
    </Filter>
    <Filter Include="Header Files">
      <UniqueIdentifier>{93995380-89BD-4b04-88EB-625FBE52EBFB}</UniqueIdentifier>
      <Extensions>h;hpp;hxx;hm;inl;inc;xsd</Extensions>
    </Filter>
    <Filter Include="Resource Files">
      <UniqueIdentifier>{D9D6E242-F8AF-46E4-B9FD-80ECBC20BA3E}</UniqueIdentifier>
      <Extensions>qrc;*</Extensions>
      <ParseFiles>false</ParseFiles>
    </Filter>
    <Filter Include="Resource Files">
      <UniqueIdentifier>{D9D6E242-F8AF-46E4-B9FD-80ECBC20BA3E}</UniqueIdentifier>
      <Extensions>qrc;*</Extensions>
      <ParseFiles>false</ParseFiles>
    </Filter>
    <Filter Include="Source Files">
      <UniqueIdentifier>{4FC737F1-C7A5-4376-A066-2A32D752A2FF}</UniqueIdentifier>
      <Extensions>cpp;c;cxx;def;odl;idl;hpj;bat;asm;asmx</Extensions>
    </Filter>
    <Filter Include="Source Files">
      <UniqueIdentifier>{4FC737F1-C7A5-4376-A066-2A32D752A2FF}</UniqueIdentifier>
      <Extensions>cpp;c;cxx;def;odl;idl;hpj;bat;asm;asmx</Extensions>
    </Filter>
  </ItemGroup>
  <ItemGroup>
    <ClCompile Include="BaseItem.cpp">
      <Filter>Source Files</Filter>
    </ClCompile>
    <ClCompile Include="ChartView.cpp">
      <Filter>Source Files</Filter>
    </ClCompile>
    <ClCompile Include="ControlItem.cpp">
      <Filter>Source Files</Filter>
    </ClCompile>
    <ClCompile Include="QGraphicsScenes.cpp">
      <Filter>Source Files</Filter>
    </ClCompile>
    <ClCompile Include="QGraphicsViews.cpp">
      <Filter>Source Files</Filter>
    </ClCompile>
    <ClCompile Include="arithmetic.cpp">
      <Filter>Source Files</Filter>
    </ClCompile>
    <ClCompile Include="arithmeticqthread.cpp">
      <Filter>Source Files</Filter>
    </ClCompile>
    <ClCompile Include="callout.cpp">
      <Filter>Source Files</Filter>
    </ClCompile>
    <ClCompile Include="circlequeue.cpp">
      <Filter>Source Files</Filter>
    </ClCompile>
    <ClCompile Include="dalsa_camera.cpp">
      <Filter>Source Files</Filter>
    </ClCompile>
    <ClCompile Include="datastorage.cpp">
      <Filter>Source Files</Filter>
    </ClCompile>
    <ClCompile Include="excelhelper.cpp">
      <Filter>Source Files</Filter>
    </ClCompile>
    <ClCompile Include="hconaction.cpp">
      <Filter>Source Files</Filter>
    </ClCompile>
    <ClCompile Include="hintdialog.cpp">
      <Filter>Source Files</Filter>
    </ClCompile>
    <ClCompile Include="hisclothdialog.cpp">
      <Filter>Source Files</Filter>
    </ClCompile>
    <ClCompile Include="ikapcamera.cpp">
      <Filter>Source Files</Filter>
    </ClCompile>
    <ClCompile Include="lightsource.cpp">
      <Filter>Source Files</Filter>
    </ClCompile>
    <ClCompile Include="main.cpp">
      <Filter>Source Files</Filter>
    </ClCompile>
    <ClCompile Include="mainwindow.cpp">
      <Filter>Source Files</Filter>
    </ClCompile>
    <ClCompile Include="newclothrolldialog.cpp">
      <Filter>Source Files</Filter>
    </ClCompile>
    <ClCompile Include="plc.cpp">
      <Filter>Source Files</Filter>
    </ClCompile>
    <ClCompile Include="showimagebigdialog.cpp">
      <Filter>Source Files</Filter>
    </ClCompile>
    <ClCompile Include="showimagelabel.cpp">
      <Filter>Source Files</Filter>
    </ClCompile>
    <ClCompile Include="socketclient.cpp">
      <Filter>Source Files</Filter>
    </ClCompile>
    <ClCompile Include="socketqthread.cpp">
      <Filter>Source Files</Filter>
    </ClCompile>
    <ClCompile Include="socketserver.cpp">
      <Filter>Source Files</Filter>
    </ClCompile>
  </ItemGroup>
  <ItemGroup>
    <QtMoc Include="BaseItem.h">
      <Filter>Header Files</Filter>
    </QtMoc>
    <QtMoc Include="ChartView.h">
      <Filter>Header Files</Filter>
    </QtMoc>
    <QtMoc Include="ControlItem.h">
      <Filter>Header Files</Filter>
    </QtMoc>
    <QtMoc Include="QGraphicsScenes.h">
      <Filter>Header Files</Filter>
    </QtMoc>
    <ClInclude Include="QGraphicsViews.h">
      <Filter>Header Files</Filter>
    </ClInclude>
    <QtMoc Include="arithmetic.h">
      <Filter>Header Files</Filter>
    </QtMoc>
    <QtMoc Include="arithmeticqthread.h">
      <Filter>Header Files</Filter>
    </QtMoc>
    <ClInclude Include="callout.h">
      <Filter>Header Files</Filter>
    </ClInclude>
    <QtMoc Include="circlequeue.h">
      <Filter>Header Files</Filter>
    </QtMoc>
    <QtMoc Include="dalsa_camera.h">
      <Filter>Header Files</Filter>
    </QtMoc>
    <ClInclude Include="datastorage.h">
      <Filter>Header Files</Filter>
    </ClInclude>
    <ClInclude Include="excelhelper.h">
      <Filter>Header Files</Filter>
    </ClInclude>
    <QtMoc Include="hconaction.h">
      <Filter>Header Files</Filter>
    </QtMoc>
    <QtMoc Include="hintdialog.h">
      <Filter>Header Files</Filter>
    </QtMoc>
    <QtMoc Include="hisclothdialog.h">
      <Filter>Header Files</Filter>
    </QtMoc>
    <QtMoc Include="ikapcamera.h">
      <Filter>Header Files</Filter>
    </QtMoc>
    <ClInclude Include="lightsource.h">
      <Filter>Header Files</Filter>
    </ClInclude>
    <QtMoc Include="mainwindow.h">
      <Filter>Header Files</Filter>
    </QtMoc>
    <ClInclude Include="models.h">
      <Filter>Header Files</Filter>
    </ClInclude>
    <QtMoc Include="newclothrolldialog.h">
      <Filter>Header Files</Filter>
    </QtMoc>
    <QtMoc Include="plc.h">
      <Filter>Header Files</Filter>
    </QtMoc>
    <QtMoc Include="showimagebigdialog.h">
      <Filter>Header Files</Filter>
    </QtMoc>
    <QtMoc Include="showimagelabel.h">
      <Filter>Header Files</Filter>
    </QtMoc>
    <QtMoc Include="socketclient.h">
      <Filter>Header Files</Filter>
    </QtMoc>
    <QtMoc Include="socketqthread.h">
      <Filter>Header Files</Filter>
    </QtMoc>
    <QtMoc Include="socketserver.h">
      <Filter>Header Files</Filter>
    </QtMoc>
    <ClInclude Include="ui_imageshowform.h">
      <Filter>Header Files</Filter>
    </ClInclude>
  </ItemGroup>
  <ItemGroup>
    <CustomBuild Include="debug\moc_predefs.h.cbt">
      <Filter>Generated Files</Filter>
    </CustomBuild>
    <CustomBuild Include="release\moc_predefs.h.cbt">
      <Filter>Generated Files</Filter>
    </CustomBuild>
  </ItemGroup>
  <ItemGroup>
    <QtUic Include="hintdialog.ui">
      <Filter>Form Files</Filter>
    </QtUic>
    <QtUic Include="hisclothdialog.ui">
      <Filter>Form Files</Filter>
    </QtUic>
    <QtUic Include="mainwindow.ui">
      <Filter>Form Files</Filter>
    </QtUic>
    <QtUic Include="newclothrolldialog.ui">
      <Filter>Form Files</Filter>
    </QtUic>
    <QtUic Include="showimagebigdialog.ui">
      <Filter>Form Files</Filter>
    </QtUic>
  </ItemGroup>
  <ItemGroup>
    <None Include="logo.PNG">
      <Filter>Resource Files</Filter>
    </None>
    <QtRcc Include="logo.qrc">
      <Filter>Resource Files</Filter>
    </QtRcc>
  </ItemGroup>
  <ItemGroup>
    <ResourceCompile Include=".\Qt_GC_VI_Inspect_resource.rc" />
  </ItemGroup>
</Project>